
Microsoft Visual Studio Solution File, Format Version 12.00
# Visual Studio Version 16
VisualStudioVersion = 16.0.810.22
MinimumVisualStudioVersion = 10.0.40219.1
Project("{FAE04EC0-301F-11D3-BF4B-00C04F79EFBC}") = "laba1.2", "laba1.2.csproj", "{6740421F-64CC-4034-8A11-54E55A597CE2}"
EndProject
Global
	GlobalSection(SolutionConfigurationPlatforms) = preSolution
		Debug|anycpu = Debug|anycpu
		Release|anycpu = Release|anycpu
	EndGlobalSection
	GlobalSection(ProjectConfigurationPlatforms) = postSolution
		{6740421F-64CC-4034-8A11-54E55A597CE2}.Debug|anycpu.ActiveCfg = Debug|anycpu
		{6740421F-64CC-4034-8A11-54E55A597CE2}.Debug|anycpu.Build.0 = Debug|anycpu
		{6740421F-64CC-4034-8A11-54E55A597CE2}.Release|anycpu.ActiveCfg = Release|anycpu
		{6740421F-64CC-4034-8A11-54E55A597CE2}.Release|anycpu.Build.0 = Release|anycpu
	EndGlobalSection
	GlobalSection(SolutionProperties) = preSolution
		HideSolutionNode = FALSE
	EndGlobalSection
	GlobalSection(ExtensibilityGlobals) = postSolution
		SolutionGuid = {19AE0F0D-2D12-4C67-A8A3-1ABB2BE9F7C3}
	EndGlobalSection
EndGlobal
